
Microsoft Visual Studio Solution File, Format Version 12.00
# Visual Studio Version 16
VisualStudioVersion = 16.0.30114.105
MinimumVisualStudioVersion = 10.0.40219.1
Project("{2150E333-8FDC-42A3-9474-1A3956D46DE8}") = "src", "src", "{BBFD2441-43B0-4753-8252-6B1F2DF4596F}"
EndProject
Project("{FAE04EC0-301F-11D3-BF4B-00C04F79EFBC}") = "XiaoLi.NET", "src\XiaoLi.NET\XiaoLi.NET.csproj", "{874C9ADF-7BDC-4028-9DC6-931C8B8FF6F1}"
EndProject
Project("{FAE04EC0-301F-11D3-BF4B-00C04F79EFBC}") = "XiaoLi.NET.Consul", "src\XiaoLi.NET.Consul\XiaoLi.NET.Consul.csproj", "{20808EA7-B36C-4C63-B6FF-0C971928CC18}"
EndProject
Project("{FAE04EC0-301F-11D3-BF4B-00C04F79EFBC}") = "XiaoLi.NET.Grpc", "src\XiaoLi.NET.Grpc\XiaoLi.NET.Grpc.csproj", "{DA48596A-5F52-454E-BA3C-930F45A21B04}"
EndProject
Project("{FAE04EC0-301F-11D3-BF4B-00C04F79EFBC}") = "XiaoLi.NET.RabbitMQ", "src\XiaoLi.NET.RabbitMQ\XiaoLi.NET.RabbitMQ.csproj", "{8B2A3687-AE2A-4E5A-93AB-3611365AC239}"
EndProject
Project("{2150E333-8FDC-42A3-9474-1A3956D46DE8}") = "tests", "tests", "{824B550C-EE4F-4708-BDA4-C4B0F26A5B4A}"
EndProject
Project("{FAE04EC0-301F-11D3-BF4B-00C04F79EFBC}") = "XiaoLi.NET.UnitTests", "src\Tests\XiaoLi.NET.UnitTests\XiaoLi.NET.UnitTests.csproj", "{871EA4AA-6233-47A3-9EDC-A9562083768D}"
EndProject
Project("{FAE04EC0-301F-11D3-BF4B-00C04F79EFBC}") = "XiaoLi.NET.RabbitMQ.UnitTests", "src\Tests\XiaoLi.NET.RabbitMQ.UnitTests\XiaoLi.NET.RabbitMQ.UnitTests.csproj", "{AAF594FA-3882-49DC-BAD7-4A11C1F3293C}"
EndProject
Project("{2150E333-8FDC-42A3-9474-1A3956D46DE8}") = "simple", "simple", "{F45B3C46-AAE0-4185-AFC7-AB263073FCA3}"
EndProject
Project("{2150E333-8FDC-42A3-9474-1A3956D46DE8}") = "grpc", "grpc", "{BADE21C7-AB47-4735-AB9F-EDF14583E634}"
EndProject
Project("{FAE04EC0-301F-11D3-BF4B-00C04F79EFBC}") = "Client", "sample\grpc\Client\Client.csproj", "{7CF9FA8C-02B7-423A-A69C-69CA3802D137}"
EndProject
Project("{FAE04EC0-301F-11D3-BF4B-00C04F79EFBC}") = "Common", "sample\grpc\Common\Common.csproj", "{D81C905B-E0BF-41CF-94DF-A45313978CAE}"
EndProject
Project("{FAE04EC0-301F-11D3-BF4B-00C04F79EFBC}") = "Server", "sample\grpc\Server\Server.csproj", "{A9BEF992-3FD7-4A1E-8359-D207F99A8A32}"
EndProject
Project("{FAE04EC0-301F-11D3-BF4B-00C04F79EFBC}") = "ClientUnitTests", "sample\grpc\ClientUnitTests\ClientUnitTests.csproj", "{D0390A4C-0B1E-4243-BCC2-D70D1F175AE3}"
EndProject
Project("{FAE04EC0-301F-11D3-BF4B-00C04F79EFBC}") = "ServerUnitTests", "sample\grpc\ServerUnitTests\ServerUnitTests.csproj", "{79E05CAC-4C0A-46C6-A839-920C332B6456}"
EndProject
Project("{FAE04EC0-301F-11D3-BF4B-00C04F79EFBC}") = "XiaoLi.NET.Grpc.IntegrationTests", "src\Tests\XiaoLi.NET.Grpc.IntegrationTests\XiaoLi.NET.Grpc.IntegrationTests.csproj", "{9D164C99-0F91-430A-A577-744CE500A4E9}"
EndProject
Project("{2150E333-8FDC-42A3-9474-1A3956D46DE8}") = "tests", "tests", "{C942ADCA-0D19-407A-A584-2428E8420C7A}"
EndProject
Project("{2150E333-8FDC-42A3-9474-1A3956D46DE8}") = "core", "core", "{E824C596-09B1-4B8C-B35C-11FDD4C1F960}"
EndProject
Project("{FAE04EC0-301F-11D3-BF4B-00C04F79EFBC}") = "AutoConfig", "sample\core\AutoConfig\AutoConfig.csproj", "{E514F2B3-7E10-4F9D-9004-866569C9A3D4}"
EndProject
Project("{FAE04EC0-301F-11D3-BF4B-00C04F79EFBC}") = "AutoStartup", "sample\core\AutoStartup\AutoStartup.csproj", "{4C62A5DA-87AC-4285-B952-C27401DFC62B}"
EndProject
Project("{2150E333-8FDC-42A3-9474-1A3956D46DE8}") = "items", "items", "{158A2744-586A-49A5-844D-83884AD1D1AF}"
	ProjectSection(SolutionItems) = preProject
		NuGet.config = NuGet.config
		README.md = README.md
	EndProjectSection
EndProject
Project("{FAE04EC0-301F-11D3-BF4B-00C04F79EFBC}") = "UnifiedResultDemo", "sample\core\UnifiedResultDemo\UnifiedResultDemo.csproj", "{133421A0-24F7-45BC-90EF-C6947314A29F}"
EndProject
Project("{FAE04EC0-301F-11D3-BF4B-00C04F79EFBC}") = "XiaoLi.NET.FunctionalTests", "src\Tests\XiaoLi.NET.FunctionalTests\XiaoLi.NET.FunctionalTests.csproj", "{5DAAB9E7-AADD-4789-88E4-93B26E99C4F9}"
EndProject
Global
	GlobalSection(SolutionConfigurationPlatforms) = preSolution
		Debug|Any CPU = Debug|Any CPU
		Release|Any CPU = Release|Any CPU
	EndGlobalSection
	GlobalSection(SolutionProperties) = preSolution
		HideSolutionNode = FALSE
	EndGlobalSection
	GlobalSection(NestedProjects) = preSolution
		{874C9ADF-7BDC-4028-9DC6-931C8B8FF6F1} = {BBFD2441-43B0-4753-8252-6B1F2DF4596F}
		{20808EA7-B36C-4C63-B6FF-0C971928CC18} = {BBFD2441-43B0-4753-8252-6B1F2DF4596F}
		{DA48596A-5F52-454E-BA3C-930F45A21B04} = {BBFD2441-43B0-4753-8252-6B1F2DF4596F}
		{8B2A3687-AE2A-4E5A-93AB-3611365AC239} = {BBFD2441-43B0-4753-8252-6B1F2DF4596F}
		{871EA4AA-6233-47A3-9EDC-A9562083768D} = {824B550C-EE4F-4708-BDA4-C4B0F26A5B4A}
		{AAF594FA-3882-49DC-BAD7-4A11C1F3293C} = {824B550C-EE4F-4708-BDA4-C4B0F26A5B4A}
		{BADE21C7-AB47-4735-AB9F-EDF14583E634} = {F45B3C46-AAE0-4185-AFC7-AB263073FCA3}
		{7CF9FA8C-02B7-423A-A69C-69CA3802D137} = {BADE21C7-AB47-4735-AB9F-EDF14583E634}
		{D81C905B-E0BF-41CF-94DF-A45313978CAE} = {BADE21C7-AB47-4735-AB9F-EDF14583E634}
		{A9BEF992-3FD7-4A1E-8359-D207F99A8A32} = {BADE21C7-AB47-4735-AB9F-EDF14583E634}
		{9D164C99-0F91-430A-A577-744CE500A4E9} = {824B550C-EE4F-4708-BDA4-C4B0F26A5B4A}
		{C942ADCA-0D19-407A-A584-2428E8420C7A} = {BADE21C7-AB47-4735-AB9F-EDF14583E634}
		{79E05CAC-4C0A-46C6-A839-920C332B6456} = {C942ADCA-0D19-407A-A584-2428E8420C7A}
		{D0390A4C-0B1E-4243-BCC2-D70D1F175AE3} = {C942ADCA-0D19-407A-A584-2428E8420C7A}
		{E824C596-09B1-4B8C-B35C-11FDD4C1F960} = {F45B3C46-AAE0-4185-AFC7-AB263073FCA3}
		{E514F2B3-7E10-4F9D-9004-866569C9A3D4} = {E824C596-09B1-4B8C-B35C-11FDD4C1F960}
		{4C62A5DA-87AC-4285-B952-C27401DFC62B} = {E824C596-09B1-4B8C-B35C-11FDD4C1F960}
		{133421A0-24F7-45BC-90EF-C6947314A29F} = {E824C596-09B1-4B8C-B35C-11FDD4C1F960}
		{5DAAB9E7-AADD-4789-88E4-93B26E99C4F9} = {824B550C-EE4F-4708-BDA4-C4B0F26A5B4A}
	EndGlobalSection
	GlobalSection(ProjectConfigurationPlatforms) = postSolution
		{874C9ADF-7BDC-4028-9DC6-931C8B8FF6F1}.Debug|Any CPU.ActiveCfg = Debug|Any CPU
		{874C9ADF-7BDC-4028-9DC6-931C8B8FF6F1}.Debug|Any CPU.Build.0 = Debug|Any CPU
		{874C9ADF-7BDC-4028-9DC6-931C8B8FF6F1}.Release|Any CPU.ActiveCfg = Release|Any CPU
		{874C9ADF-7BDC-4028-9DC6-931C8B8FF6F1}.Release|Any CPU.Build.0 = Release|Any CPU
		{20808EA7-B36C-4C63-B6FF-0C971928CC18}.Debug|Any CPU.ActiveCfg = Debug|Any CPU
		{20808EA7-B36C-4C63-B6FF-0C971928CC18}.Debug|Any CPU.Build.0 = Debug|Any CPU
		{20808EA7-B36C-4C63-B6FF-0C971928CC18}.Release|Any CPU.ActiveCfg = Release|Any CPU
		{20808EA7-B36C-4C63-B6FF-0C971928CC18}.Release|Any CPU.Build.0 = Release|Any CPU
		{DA48596A-5F52-454E-BA3C-930F45A21B04}.Debug|Any CPU.ActiveCfg = Debug|Any CPU
		{DA48596A-5F52-454E-BA3C-930F45A21B04}.Debug|Any CPU.Build.0 = Debug|Any CPU
		{DA48596A-5F52-454E-BA3C-930F45A21B04}.Release|Any CPU.ActiveCfg = Release|Any CPU
		{DA48596A-5F52-454E-BA3C-930F45A21B04}.Release|Any CPU.Build.0 = Release|Any CPU
		{8B2A3687-AE2A-4E5A-93AB-3611365AC239}.Debug|Any CPU.ActiveCfg = Debug|Any CPU
		{8B2A3687-AE2A-4E5A-93AB-3611365AC239}.Debug|Any CPU.Build.0 = Debug|Any CPU
		{8B2A3687-AE2A-4E5A-93AB-3611365AC239}.Release|Any CPU.ActiveCfg = Release|Any CPU
		{8B2A3687-AE2A-4E5A-93AB-3611365AC239}.Release|Any CPU.Build.0 = Release|Any CPU
		{871EA4AA-6233-47A3-9EDC-A9562083768D}.Debug|Any CPU.ActiveCfg = Debug|Any CPU
		{871EA4AA-6233-47A3-9EDC-A9562083768D}.Debug|Any CPU.Build.0 = Debug|Any CPU
		{871EA4AA-6233-47A3-9EDC-A9562083768D}.Release|Any CPU.ActiveCfg = Release|Any CPU
		{871EA4AA-6233-47A3-9EDC-A9562083768D}.Release|Any CPU.Build.0 = Release|Any CPU
		{AAF594FA-3882-49DC-BAD7-4A11C1F3293C}.Debug|Any CPU.ActiveCfg = Debug|Any CPU
		{AAF594FA-3882-49DC-BAD7-4A11C1F3293C}.Debug|Any CPU.Build.0 = Debug|Any CPU
		{AAF594FA-3882-49DC-BAD7-4A11C1F3293C}.Release|Any CPU.ActiveCfg = Release|Any CPU
		{AAF594FA-3882-49DC-BAD7-4A11C1F3293C}.Release|Any CPU.Build.0 = Release|Any CPU
		{7CF9FA8C-02B7-423A-A69C-69CA3802D137}.Debug|Any CPU.ActiveCfg = Debug|Any CPU
		{7CF9FA8C-02B7-423A-A69C-69CA3802D137}.Debug|Any CPU.Build.0 = Debug|Any CPU
		{7CF9FA8C-02B7-423A-A69C-69CA3802D137}.Release|Any CPU.ActiveCfg = Release|Any CPU
		{7CF9FA8C-02B7-423A-A69C-69CA3802D137}.Release|Any CPU.Build.0 = Release|Any CPU
		{D81C905B-E0BF-41CF-94DF-A45313978CAE}.Debug|Any CPU.ActiveCfg = Debug|Any CPU
		{D81C905B-E0BF-41CF-94DF-A45313978CAE}.Debug|Any CPU.Build.0 = Debug|Any CPU
		{D81C905B-E0BF-41CF-94DF-A45313978CAE}.Release|Any CPU.ActiveCfg = Release|Any CPU
		{D81C905B-E0BF-41CF-94DF-A45313978CAE}.Release|Any CPU.Build.0 = Release|Any CPU
		{A9BEF992-3FD7-4A1E-8359-D207F99A8A32}.Debug|Any CPU.ActiveCfg = Debug|Any CPU
		{A9BEF992-3FD7-4A1E-8359-D207F99A8A32}.Debug|Any CPU.Build.0 = Debug|Any CPU
		{A9BEF992-3FD7-4A1E-8359-D207F99A8A32}.Release|Any CPU.ActiveCfg = Release|Any CPU
		{A9BEF992-3FD7-4A1E-8359-D207F99A8A32}.Release|Any CPU.Build.0 = Release|Any CPU
		{D0390A4C-0B1E-4243-BCC2-D70D1F175AE3}.Debug|Any CPU.ActiveCfg = Debug|Any CPU
		{D0390A4C-0B1E-4243-BCC2-D70D1F175AE3}.Debug|Any CPU.Build.0 = Debug|Any CPU
		{D0390A4C-0B1E-4243-BCC2-D70D1F175AE3}.Release|Any CPU.ActiveCfg = Release|Any CPU
		{D0390A4C-0B1E-4243-BCC2-D70D1F175AE3}.Release|Any CPU.Build.0 = Release|Any CPU
		{79E05CAC-4C0A-46C6-A839-920C332B6456}.Debug|Any CPU.ActiveCfg = Debug|Any CPU
		{79E05CAC-4C0A-46C6-A839-920C332B6456}.Debug|Any CPU.Build.0 = Debug|Any CPU
		{79E05CAC-4C0A-46C6-A839-920C332B6456}.Release|Any CPU.ActiveCfg = Release|Any CPU
		{79E05CAC-4C0A-46C6-A839-920C332B6456}.Release|Any CPU.Build.0 = Release|Any CPU
		{9D164C99-0F91-430A-A577-744CE500A4E9}.Debug|Any CPU.ActiveCfg = Debug|Any CPU
		{9D164C99-0F91-430A-A577-744CE500A4E9}.Debug|Any CPU.Build.0 = Debug|Any CPU
		{9D164C99-0F91-430A-A577-744CE500A4E9}.Release|Any CPU.ActiveCfg = Release|Any CPU
		{9D164C99-0F91-430A-A577-744CE500A4E9}.Release|Any CPU.Build.0 = Release|Any CPU
		{E514F2B3-7E10-4F9D-9004-866569C9A3D4}.Debug|Any CPU.ActiveCfg = Debug|Any CPU
		{E514F2B3-7E10-4F9D-9004-866569C9A3D4}.Debug|Any CPU.Build.0 = Debug|Any CPU
		{E514F2B3-7E10-4F9D-9004-866569C9A3D4}.Release|Any CPU.ActiveCfg = Release|Any CPU
		{E514F2B3-7E10-4F9D-9004-866569C9A3D4}.Release|Any CPU.Build.0 = Release|Any CPU
		{4C62A5DA-87AC-4285-B952-C27401DFC62B}.Debug|Any CPU.ActiveCfg = Debug|Any CPU
		{4C62A5DA-87AC-4285-B952-C27401DFC62B}.Debug|Any CPU.Build.0 = Debug|Any CPU
		{4C62A5DA-87AC-4285-B952-C27401DFC62B}.Release|Any CPU.ActiveCfg = Release|Any CPU
		{4C62A5DA-87AC-4285-B952-C27401DFC62B}.Release|Any CPU.Build.0 = Release|Any CPU
		{133421A0-24F7-45BC-90EF-C6947314A29F}.Debug|Any CPU.ActiveCfg = Debug|Any CPU
		{133421A0-24F7-45BC-90EF-C6947314A29F}.Debug|Any CPU.Build.0 = Debug|Any CPU
		{133421A0-24F7-45BC-90EF-C6947314A29F}.Release|Any CPU.ActiveCfg = Release|Any CPU
		{133421A0-24F7-45BC-90EF-C6947314A29F}.Release|Any CPU.Build.0 = Release|Any CPU
		{5DAAB9E7-AADD-4789-88E4-93B26E99C4F9}.Debug|Any CPU.ActiveCfg = Debug|Any CPU
		{5DAAB9E7-AADD-4789-88E4-93B26E99C4F9}.Debug|Any CPU.Build.0 = Debug|Any CPU
		{5DAAB9E7-AADD-4789-88E4-93B26E99C4F9}.Release|Any CPU.ActiveCfg = Release|Any CPU
		{5DAAB9E7-AADD-4789-88E4-93B26E99C4F9}.Release|Any CPU.Build.0 = Release|Any CPU
	EndGlobalSection
EndGlobal
