
Microsoft Visual Studio Solution File, Format Version 12.00
Project("{FAE04EC0-301F-11D3-BF4B-00C04F79EFBC}") = "ThreadingTests", "ThreadingTests\ThreadingTests.csproj", "{66CBF034-F22A-4322-A89E-758EF89F86DF}"
EndProject
Global
	GlobalSection(SolutionConfigurationPlatforms) = preSolution
		Debug|Any CPU = Debug|Any CPU
		Release|Any CPU = Release|Any CPU
	EndGlobalSection
	GlobalSection(ProjectConfigurationPlatforms) = postSolution
		{66CBF034-F22A-4322-A89E-758EF89F86DF}.Debug|Any CPU.ActiveCfg = Debug|Any CPU
		{66CBF034-F22A-4322-A89E-758EF89F86DF}.Debug|Any CPU.Build.0 = Debug|Any CPU
		{66CBF034-F22A-4322-A89E-758EF89F86DF}.Release|Any CPU.ActiveCfg = Release|Any CPU
		{66CBF034-F22A-4322-A89E-758EF89F86DF}.Release|Any CPU.Build.0 = Release|Any CPU
	EndGlobalSection
EndGlobal
