
Microsoft Visual Studio Solution File, Format Version 12.00
# Visual Studio Version 17
VisualStudioVersion = 17.3.32519.111
MinimumVisualStudioVersion = 10.0.40219.1
Project("{9A19103F-16F7-4668-BE54-9A1E7A4F7556}") = "XiaoLi.NET.App", "XiaoLi.NET\XiaoLi.NET.App.csproj", "{527B4A06-2C0D-4461-9FFB-067D5215FFAF}"
EndProject
Project("{9A19103F-16F7-4668-BE54-9A1E7A4F7556}") = "XiaoLi.NET.RabbitMQ", "XiaoLi.NET.RabbitMQ\XiaoLi.NET.RabbitMQ.csproj", "{AA97E63A-4B64-4D3D-A75F-349CAF24A68B}"
EndProject
Project("{2150E333-8FDC-42A3-9474-1A3956D46DE8}") = "src", "src", "{4768D4C4-7129-4032-BF0A-198350279536}"
EndProject
Project("{2150E333-8FDC-42A3-9474-1A3956D46DE8}") = "tests", "tests", "{C83BD79F-C369-4CCB-AB62-57A589FC8920}"
EndProject
Project("{9A19103F-16F7-4668-BE54-9A1E7A4F7556}") = "XiaoLi.NET.RabbitMQ.UnitTests", "XiaoLi.NET.RabbitMQ.UnitTests\XiaoLi.NET.RabbitMQ.UnitTests.csproj", "{2F44BA89-0941-491C-9670-76AF08EB47B8}"
EndProject
Project("{9A19103F-16F7-4668-BE54-9A1E7A4F7556}") = "XiaoLi.NET.UnitTests", "XiaoLi.NET.UnitTests\XiaoLi.NET.UnitTests.csproj", "{D157D954-CF77-414D-905E-A2A1D2D5D729}"
EndProject
Project("{9A19103F-16F7-4668-BE54-9A1E7A4F7556}") = "XiaoLi.NET.Consul", "XiaoLi.NET.Consul\XiaoLi.NET.Consul.csproj", "{9006204E-EB5C-4E0C-A4B9-4763EF67EA44}"
EndProject
Global
	GlobalSection(SolutionConfigurationPlatforms) = preSolution
		Debug|Any CPU = Debug|Any CPU
		Release|Any CPU = Release|Any CPU
	EndGlobalSection
	GlobalSection(ProjectConfigurationPlatforms) = postSolution
		{527B4A06-2C0D-4461-9FFB-067D5215FFAF}.Debug|Any CPU.ActiveCfg = Debug|Any CPU
		{527B4A06-2C0D-4461-9FFB-067D5215FFAF}.Debug|Any CPU.Build.0 = Debug|Any CPU
		{527B4A06-2C0D-4461-9FFB-067D5215FFAF}.Release|Any CPU.ActiveCfg = Release|Any CPU
		{527B4A06-2C0D-4461-9FFB-067D5215FFAF}.Release|Any CPU.Build.0 = Release|Any CPU
		{AA97E63A-4B64-4D3D-A75F-349CAF24A68B}.Debug|Any CPU.ActiveCfg = Debug|Any CPU
		{AA97E63A-4B64-4D3D-A75F-349CAF24A68B}.Debug|Any CPU.Build.0 = Debug|Any CPU
		{AA97E63A-4B64-4D3D-A75F-349CAF24A68B}.Release|Any CPU.ActiveCfg = Release|Any CPU
		{AA97E63A-4B64-4D3D-A75F-349CAF24A68B}.Release|Any CPU.Build.0 = Release|Any CPU
		{2F44BA89-0941-491C-9670-76AF08EB47B8}.Debug|Any CPU.ActiveCfg = Debug|Any CPU
		{2F44BA89-0941-491C-9670-76AF08EB47B8}.Debug|Any CPU.Build.0 = Debug|Any CPU
		{2F44BA89-0941-491C-9670-76AF08EB47B8}.Release|Any CPU.ActiveCfg = Release|Any CPU
		{2F44BA89-0941-491C-9670-76AF08EB47B8}.Release|Any CPU.Build.0 = Release|Any CPU
		{D157D954-CF77-414D-905E-A2A1D2D5D729}.Debug|Any CPU.ActiveCfg = Debug|Any CPU
		{D157D954-CF77-414D-905E-A2A1D2D5D729}.Debug|Any CPU.Build.0 = Debug|Any CPU
		{D157D954-CF77-414D-905E-A2A1D2D5D729}.Release|Any CPU.ActiveCfg = Release|Any CPU
		{D157D954-CF77-414D-905E-A2A1D2D5D729}.Release|Any CPU.Build.0 = Release|Any CPU
		{9006204E-EB5C-4E0C-A4B9-4763EF67EA44}.Debug|Any CPU.ActiveCfg = Debug|Any CPU
		{9006204E-EB5C-4E0C-A4B9-4763EF67EA44}.Debug|Any CPU.Build.0 = Debug|Any CPU
		{9006204E-EB5C-4E0C-A4B9-4763EF67EA44}.Release|Any CPU.ActiveCfg = Release|Any CPU
		{9006204E-EB5C-4E0C-A4B9-4763EF67EA44}.Release|Any CPU.Build.0 = Release|Any CPU
	EndGlobalSection
	GlobalSection(SolutionProperties) = preSolution
		HideSolutionNode = FALSE
	EndGlobalSection
	GlobalSection(NestedProjects) = preSolution
		{527B4A06-2C0D-4461-9FFB-067D5215FFAF} = {4768D4C4-7129-4032-BF0A-198350279536}
		{AA97E63A-4B64-4D3D-A75F-349CAF24A68B} = {4768D4C4-7129-4032-BF0A-198350279536}
		{2F44BA89-0941-491C-9670-76AF08EB47B8} = {C83BD79F-C369-4CCB-AB62-57A589FC8920}
		{D157D954-CF77-414D-905E-A2A1D2D5D729} = {C83BD79F-C369-4CCB-AB62-57A589FC8920}
		{9006204E-EB5C-4E0C-A4B9-4763EF67EA44} = {4768D4C4-7129-4032-BF0A-198350279536}
	EndGlobalSection
	GlobalSection(ExtensibilityGlobals) = postSolution
		SolutionGuid = {19BAA99A-8EF9-4729-87DD-C7F355929D74}
	EndGlobalSection
EndGlobal
