
Microsoft Visual Studio Solution File, Format Version 12.00
# Visual Studio Version 17
VisualStudioVersion = 17.3.32519.111
MinimumVisualStudioVersion = 10.0.40219.1
Project("{9A19103F-16F7-4668-BE54-9A1E7A4F7556}") = "XiaoLi.NET", "XiaoLi.NET\XiaoLi.NET.csproj", "{527B4A06-2C0D-4461-9FFB-067D5215FFAF}"
EndProject
Project("{9A19103F-16F7-4668-BE54-9A1E7A4F7556}") = "XiaoLi.NET.RabbitMQ", "XiaoLi.NET.RabbitMQ\XiaoLi.NET.RabbitMQ.csproj", "{AA97E63A-4B64-4D3D-A75F-349CAF24A68B}"
EndProject
Project("{2150E333-8FDC-42A3-9474-1A3956D46DE8}") = "src", "src", "{4768D4C4-7129-4032-BF0A-198350279536}"
EndProject
Project("{2150E333-8FDC-42A3-9474-1A3956D46DE8}") = "tests", "tests", "{C83BD79F-C369-4CCB-AB62-57A589FC8920}"
EndProject
Project("{9A19103F-16F7-4668-BE54-9A1E7A4F7556}") = "XiaoLi.NET.RabbitMQ.UnitTests", "XiaoLi.NET.RabbitMQ.UnitTests\XiaoLi.NET.RabbitMQ.UnitTests.csproj", "{2F44BA89-0941-491C-9670-76AF08EB47B8}"
EndProject
Project("{9A19103F-16F7-4668-BE54-9A1E7A4F7556}") = "XiaoLi.NET.UnitTests", "XiaoLi.NET.UnitTests\XiaoLi.NET.UnitTests.csproj", "{D157D954-CF77-414D-905E-A2A1D2D5D729}"
EndProject
Project("{9A19103F-16F7-4668-BE54-9A1E7A4F7556}") = "XiaoLi.NET.Consul", "XiaoLi.NET.Consul\XiaoLi.NET.Consul.csproj", "{9006204E-EB5C-4E0C-A4B9-4763EF67EA44}"
EndProject
Project("{FAE04EC0-301F-11D3-BF4B-00C04F79EFBC}") = "XiaoLi.NET.Grpc", "XiaoLi.NET.Grpc\XiaoLi.NET.Grpc.csproj", "{27E6449F-F01E-4C83-AD6C-A749A93BE09A}"
EndProject
Project("{2150E333-8FDC-42A3-9474-1A3956D46DE8}") = "sample", "sample", "{56DD9804-C846-4E5B-BADE-72FEDD8FF9E8}"
EndProject
Project("{2150E333-8FDC-42A3-9474-1A3956D46DE8}") = "grpc", "grpc", "{A9E7A050-D0F8-43A0-BDAE-2FF1657B7D07}"
EndProject
Project("{FAE04EC0-301F-11D3-BF4B-00C04F79EFBC}") = "Client", "..\sample\grpc\Client\Client.csproj", "{10F989E5-A986-4696-B2C3-D302340BFC0E}"
EndProject
Project("{FAE04EC0-301F-11D3-BF4B-00C04F79EFBC}") = "Common", "..\sample\grpc\Common\Common.csproj", "{2984C134-B756-4757-9769-C92920CC8783}"
EndProject
Project("{FAE04EC0-301F-11D3-BF4B-00C04F79EFBC}") = "Server", "..\sample\grpc\Server\Server.csproj", "{57566995-3778-4818-9DA1-9DB30E3010FF}"
EndProject
Project("{2150E333-8FDC-42A3-9474-1A3956D46DE8}") = "tests", "tests", "{E00EC63D-F104-43E6-9180-B983B0549897}"
EndProject
Project("{FAE04EC0-301F-11D3-BF4B-00C04F79EFBC}") = "ClientUnitTests", "..\sample\grpc\ClientUnitTests\ClientUnitTests.csproj", "{B4951773-A230-483F-B2ED-349CF411C422}"
EndProject
Project("{FAE04EC0-301F-11D3-BF4B-00C04F79EFBC}") = "ServerUnitTests", "..\sample\grpc\ServerUnitTests\ServerUnitTests.csproj", "{03B5B0D3-3FDC-4460-9D3E-773AC9A77A69}"
EndProject
Global
	GlobalSection(SolutionConfigurationPlatforms) = preSolution
		Debug|Any CPU = Debug|Any CPU
		Release|Any CPU = Release|Any CPU
	EndGlobalSection
	GlobalSection(ProjectConfigurationPlatforms) = postSolution
		{527B4A06-2C0D-4461-9FFB-067D5215FFAF}.Debug|Any CPU.ActiveCfg = Debug|Any CPU
		{527B4A06-2C0D-4461-9FFB-067D5215FFAF}.Debug|Any CPU.Build.0 = Debug|Any CPU
		{527B4A06-2C0D-4461-9FFB-067D5215FFAF}.Release|Any CPU.ActiveCfg = Release|Any CPU
		{527B4A06-2C0D-4461-9FFB-067D5215FFAF}.Release|Any CPU.Build.0 = Release|Any CPU
		{AA97E63A-4B64-4D3D-A75F-349CAF24A68B}.Debug|Any CPU.ActiveCfg = Debug|Any CPU
		{AA97E63A-4B64-4D3D-A75F-349CAF24A68B}.Debug|Any CPU.Build.0 = Debug|Any CPU
		{AA97E63A-4B64-4D3D-A75F-349CAF24A68B}.Release|Any CPU.ActiveCfg = Release|Any CPU
		{AA97E63A-4B64-4D3D-A75F-349CAF24A68B}.Release|Any CPU.Build.0 = Release|Any CPU
		{2F44BA89-0941-491C-9670-76AF08EB47B8}.Debug|Any CPU.ActiveCfg = Debug|Any CPU
		{2F44BA89-0941-491C-9670-76AF08EB47B8}.Debug|Any CPU.Build.0 = Debug|Any CPU
		{2F44BA89-0941-491C-9670-76AF08EB47B8}.Release|Any CPU.ActiveCfg = Release|Any CPU
		{2F44BA89-0941-491C-9670-76AF08EB47B8}.Release|Any CPU.Build.0 = Release|Any CPU
		{D157D954-CF77-414D-905E-A2A1D2D5D729}.Debug|Any CPU.ActiveCfg = Debug|Any CPU
		{D157D954-CF77-414D-905E-A2A1D2D5D729}.Debug|Any CPU.Build.0 = Debug|Any CPU
		{D157D954-CF77-414D-905E-A2A1D2D5D729}.Release|Any CPU.ActiveCfg = Release|Any CPU
		{D157D954-CF77-414D-905E-A2A1D2D5D729}.Release|Any CPU.Build.0 = Release|Any CPU
		{9006204E-EB5C-4E0C-A4B9-4763EF67EA44}.Debug|Any CPU.ActiveCfg = Debug|Any CPU
		{9006204E-EB5C-4E0C-A4B9-4763EF67EA44}.Debug|Any CPU.Build.0 = Debug|Any CPU
		{9006204E-EB5C-4E0C-A4B9-4763EF67EA44}.Release|Any CPU.ActiveCfg = Release|Any CPU
		{9006204E-EB5C-4E0C-A4B9-4763EF67EA44}.Release|Any CPU.Build.0 = Release|Any CPU
		{27E6449F-F01E-4C83-AD6C-A749A93BE09A}.Debug|Any CPU.ActiveCfg = Debug|Any CPU
		{27E6449F-F01E-4C83-AD6C-A749A93BE09A}.Debug|Any CPU.Build.0 = Debug|Any CPU
		{27E6449F-F01E-4C83-AD6C-A749A93BE09A}.Release|Any CPU.ActiveCfg = Release|Any CPU
		{27E6449F-F01E-4C83-AD6C-A749A93BE09A}.Release|Any CPU.Build.0 = Release|Any CPU
		{10F989E5-A986-4696-B2C3-D302340BFC0E}.Debug|Any CPU.ActiveCfg = Debug|Any CPU
		{10F989E5-A986-4696-B2C3-D302340BFC0E}.Debug|Any CPU.Build.0 = Debug|Any CPU
		{10F989E5-A986-4696-B2C3-D302340BFC0E}.Release|Any CPU.ActiveCfg = Release|Any CPU
		{10F989E5-A986-4696-B2C3-D302340BFC0E}.Release|Any CPU.Build.0 = Release|Any CPU
		{2984C134-B756-4757-9769-C92920CC8783}.Debug|Any CPU.ActiveCfg = Debug|Any CPU
		{2984C134-B756-4757-9769-C92920CC8783}.Debug|Any CPU.Build.0 = Debug|Any CPU
		{2984C134-B756-4757-9769-C92920CC8783}.Release|Any CPU.ActiveCfg = Release|Any CPU
		{2984C134-B756-4757-9769-C92920CC8783}.Release|Any CPU.Build.0 = Release|Any CPU
		{57566995-3778-4818-9DA1-9DB30E3010FF}.Debug|Any CPU.ActiveCfg = Debug|Any CPU
		{57566995-3778-4818-9DA1-9DB30E3010FF}.Debug|Any CPU.Build.0 = Debug|Any CPU
		{57566995-3778-4818-9DA1-9DB30E3010FF}.Release|Any CPU.ActiveCfg = Release|Any CPU
		{57566995-3778-4818-9DA1-9DB30E3010FF}.Release|Any CPU.Build.0 = Release|Any CPU
		{B4951773-A230-483F-B2ED-349CF411C422}.Debug|Any CPU.ActiveCfg = Debug|Any CPU
		{B4951773-A230-483F-B2ED-349CF411C422}.Debug|Any CPU.Build.0 = Debug|Any CPU
		{B4951773-A230-483F-B2ED-349CF411C422}.Release|Any CPU.ActiveCfg = Release|Any CPU
		{B4951773-A230-483F-B2ED-349CF411C422}.Release|Any CPU.Build.0 = Release|Any CPU
		{03B5B0D3-3FDC-4460-9D3E-773AC9A77A69}.Debug|Any CPU.ActiveCfg = Debug|Any CPU
		{03B5B0D3-3FDC-4460-9D3E-773AC9A77A69}.Debug|Any CPU.Build.0 = Debug|Any CPU
		{03B5B0D3-3FDC-4460-9D3E-773AC9A77A69}.Release|Any CPU.ActiveCfg = Release|Any CPU
		{03B5B0D3-3FDC-4460-9D3E-773AC9A77A69}.Release|Any CPU.Build.0 = Release|Any CPU
	EndGlobalSection
	GlobalSection(SolutionProperties) = preSolution
		HideSolutionNode = FALSE
	EndGlobalSection
	GlobalSection(NestedProjects) = preSolution
		{527B4A06-2C0D-4461-9FFB-067D5215FFAF} = {4768D4C4-7129-4032-BF0A-198350279536}
		{AA97E63A-4B64-4D3D-A75F-349CAF24A68B} = {4768D4C4-7129-4032-BF0A-198350279536}
		{2F44BA89-0941-491C-9670-76AF08EB47B8} = {C83BD79F-C369-4CCB-AB62-57A589FC8920}
		{D157D954-CF77-414D-905E-A2A1D2D5D729} = {C83BD79F-C369-4CCB-AB62-57A589FC8920}
		{9006204E-EB5C-4E0C-A4B9-4763EF67EA44} = {4768D4C4-7129-4032-BF0A-198350279536}
		{27E6449F-F01E-4C83-AD6C-A749A93BE09A} = {4768D4C4-7129-4032-BF0A-198350279536}
		{A9E7A050-D0F8-43A0-BDAE-2FF1657B7D07} = {56DD9804-C846-4E5B-BADE-72FEDD8FF9E8}
		{10F989E5-A986-4696-B2C3-D302340BFC0E} = {A9E7A050-D0F8-43A0-BDAE-2FF1657B7D07}
		{2984C134-B756-4757-9769-C92920CC8783} = {A9E7A050-D0F8-43A0-BDAE-2FF1657B7D07}
		{57566995-3778-4818-9DA1-9DB30E3010FF} = {A9E7A050-D0F8-43A0-BDAE-2FF1657B7D07}
		{E00EC63D-F104-43E6-9180-B983B0549897} = {A9E7A050-D0F8-43A0-BDAE-2FF1657B7D07}
		{B4951773-A230-483F-B2ED-349CF411C422} = {E00EC63D-F104-43E6-9180-B983B0549897}
		{03B5B0D3-3FDC-4460-9D3E-773AC9A77A69} = {E00EC63D-F104-43E6-9180-B983B0549897}
	EndGlobalSection
	GlobalSection(ExtensibilityGlobals) = postSolution
		SolutionGuid = {19BAA99A-8EF9-4729-87DD-C7F355929D74}
	EndGlobalSection
EndGlobal
