
Microsoft Visual Studio Solution File, Format Version 12.00
Project("{FAE04EC0-301F-11D3-BF4B-00C04F79EFBC}") = "BenchmarkTests", "BenchmarkTests\BenchmarkTests.csproj", "{BBC04BF5-91F2-45BB-A887-CC6DACE99848}"
EndProject
Global
	GlobalSection(SolutionConfigurationPlatforms) = preSolution
		Debug|Any CPU = Debug|Any CPU
		Release|Any CPU = Release|Any CPU
	EndGlobalSection
	GlobalSection(ProjectConfigurationPlatforms) = postSolution
		{BBC04BF5-91F2-45BB-A887-CC6DACE99848}.Debug|Any CPU.ActiveCfg = Debug|Any CPU
		{BBC04BF5-91F2-45BB-A887-CC6DACE99848}.Debug|Any CPU.Build.0 = Debug|Any CPU
		{BBC04BF5-91F2-45BB-A887-CC6DACE99848}.Release|Any CPU.ActiveCfg = Release|Any CPU
		{BBC04BF5-91F2-45BB-A887-CC6DACE99848}.Release|Any CPU.Build.0 = Release|Any CPU
	EndGlobalSection
EndGlobal
